
Microsoft Visual Studio Solution File, Format Version 12.00
# Visual Studio Version 16
VisualStudioVersion = 16.0.30406.217
MinimumVisualStudioVersion = 10.0.40219.1
Project("{FAE04EC0-301F-11D3-BF4B-00C04F79EFBC}") = "Auto Off-Reboot", "Auto Off-Reboot\Auto Off-Reboot.csproj", "{847C5C94-DC0A-4991-A3E3-C7102D49FFBC}"
EndProject
Project("{C7167F0D-BC9F-4E6E-AFE1-012C56B48DB5}") = "Auto Off-Rboot", "WapProjTemplateAuoutoOffRboot\Auto Off-Rboot.wapproj", "{EEEB7B92-2123-4F9B-A0B0-4228CCF39800}"
EndProject
Global
	GlobalSection(SolutionConfigurationPlatforms) = preSolution
		Debug|Any CPU = Debug|Any CPU
		Debug|ARM = Debug|ARM
		Debug|ARM64 = Debug|ARM64
		Debug|x64 = Debug|x64
		Debug|x86 = Debug|x86
		Release|Any CPU = Release|Any CPU
		Release|ARM = Release|ARM
		Release|ARM64 = Release|ARM64
		Release|x64 = Release|x64
		Release|x86 = Release|x86
	EndGlobalSection
	GlobalSection(ProjectConfigurationPlatforms) = postSolution
		{847C5C94-DC0A-4991-A3E3-C7102D49FFBC}.Debug|Any CPU.ActiveCfg = Debug|Any CPU
		{847C5C94-DC0A-4991-A3E3-C7102D49FFBC}.Debug|Any CPU.Build.0 = Debug|Any CPU
		{847C5C94-DC0A-4991-A3E3-C7102D49FFBC}.Debug|ARM.ActiveCfg = Debug|Any CPU
		{847C5C94-DC0A-4991-A3E3-C7102D49FFBC}.Debug|ARM.Build.0 = Debug|Any CPU
		{847C5C94-DC0A-4991-A3E3-C7102D49FFBC}.Debug|ARM64.ActiveCfg = Debug|Any CPU
		{847C5C94-DC0A-4991-A3E3-C7102D49FFBC}.Debug|ARM64.Build.0 = Debug|Any CPU
		{847C5C94-DC0A-4991-A3E3-C7102D49FFBC}.Debug|x64.ActiveCfg = Debug|Any CPU
		{847C5C94-DC0A-4991-A3E3-C7102D49FFBC}.Debug|x64.Build.0 = Debug|Any CPU
		{847C5C94-DC0A-4991-A3E3-C7102D49FFBC}.Debug|x86.ActiveCfg = Debug|Any CPU
		{847C5C94-DC0A-4991-A3E3-C7102D49FFBC}.Debug|x86.Build.0 = Debug|Any CPU
		{847C5C94-DC0A-4991-A3E3-C7102D49FFBC}.Release|Any CPU.ActiveCfg = Release|Any CPU
		{847C5C94-DC0A-4991-A3E3-C7102D49FFBC}.Release|Any CPU.Build.0 = Release|Any CPU
		{847C5C94-DC0A-4991-A3E3-C7102D49FFBC}.Release|ARM.ActiveCfg = Release|Any CPU
		{847C5C94-DC0A-4991-A3E3-C7102D49FFBC}.Release|ARM.Build.0 = Release|Any CPU
		{847C5C94-DC0A-4991-A3E3-C7102D49FFBC}.Release|ARM64.ActiveCfg = Release|Any CPU
		{847C5C94-DC0A-4991-A3E3-C7102D49FFBC}.Release|ARM64.Build.0 = Release|Any CPU
		{847C5C94-DC0A-4991-A3E3-C7102D49FFBC}.Release|x64.ActiveCfg = Release|Any CPU
		{847C5C94-DC0A-4991-A3E3-C7102D49FFBC}.Release|x64.Build.0 = Release|Any CPU
		{847C5C94-DC0A-4991-A3E3-C7102D49FFBC}.Release|x86.ActiveCfg = Release|Any CPU
		{847C5C94-DC0A-4991-A3E3-C7102D49FFBC}.Release|x86.Build.0 = Release|Any CPU
		{EEEB7B92-2123-4F9B-A0B0-4228CCF39800}.Debug|Any CPU.ActiveCfg = Debug|Any CPU
		{EEEB7B92-2123-4F9B-A0B0-4228CCF39800}.Debug|Any CPU.Build.0 = Debug|Any CPU
		{EEEB7B92-2123-4F9B-A0B0-4228CCF39800}.Debug|Any CPU.Deploy.0 = Debug|Any CPU
		{EEEB7B92-2123-4F9B-A0B0-4228CCF39800}.Debug|ARM.ActiveCfg = Debug|ARM
		{EEEB7B92-2123-4F9B-A0B0-4228CCF39800}.Debug|ARM.Build.0 = Debug|ARM
		{EEEB7B92-2123-4F9B-A0B0-4228CCF39800}.Debug|ARM.Deploy.0 = Debug|ARM
		{EEEB7B92-2123-4F9B-A0B0-4228CCF39800}.Debug|ARM64.ActiveCfg = Debug|ARM64
		{EEEB7B92-2123-4F9B-A0B0-4228CCF39800}.Debug|ARM64.Build.0 = Debug|ARM64
		{EEEB7B92-2123-4F9B-A0B0-4228CCF39800}.Debug|ARM64.Deploy.0 = Debug|ARM64
		{EEEB7B92-2123-4F9B-A0B0-4228CCF39800}.Debug|x64.ActiveCfg = Debug|x64
		{EEEB7B92-2123-4F9B-A0B0-4228CCF39800}.Debug|x64.Build.0 = Debug|x64
		{EEEB7B92-2123-4F9B-A0B0-4228CCF39800}.Debug|x64.Deploy.0 = Debug|x64
		{EEEB7B92-2123-4F9B-A0B0-4228CCF39800}.Debug|x86.ActiveCfg = Debug|x86
		{EEEB7B92-2123-4F9B-A0B0-4228CCF39800}.Debug|x86.Build.0 = Debug|x86
		{EEEB7B92-2123-4F9B-A0B0-4228CCF39800}.Debug|x86.Deploy.0 = Debug|x86
		{EEEB7B92-2123-4F9B-A0B0-4228CCF39800}.Release|Any CPU.ActiveCfg = Release|Any CPU
		{EEEB7B92-2123-4F9B-A0B0-4228CCF39800}.Release|Any CPU.Build.0 = Release|Any CPU
		{EEEB7B92-2123-4F9B-A0B0-4228CCF39800}.Release|Any CPU.Deploy.0 = Release|Any CPU
		{EEEB7B92-2123-4F9B-A0B0-4228CCF39800}.Release|ARM.ActiveCfg = Release|ARM
		{EEEB7B92-2123-4F9B-A0B0-4228CCF39800}.Release|ARM.Build.0 = Release|ARM
		{EEEB7B92-2123-4F9B-A0B0-4228CCF39800}.Release|ARM.Deploy.0 = Release|ARM
		{EEEB7B92-2123-4F9B-A0B0-4228CCF39800}.Release|ARM64.ActiveCfg = Release|ARM64
		{EEEB7B92-2123-4F9B-A0B0-4228CCF39800}.Release|ARM64.Build.0 = Release|ARM64
		{EEEB7B92-2123-4F9B-A0B0-4228CCF39800}.Release|ARM64.Deploy.0 = Release|ARM64
		{EEEB7B92-2123-4F9B-A0B0-4228CCF39800}.Release|x64.ActiveCfg = Release|x64
		{EEEB7B92-2123-4F9B-A0B0-4228CCF39800}.Release|x64.Build.0 = Release|x64
		{EEEB7B92-2123-4F9B-A0B0-4228CCF39800}.Release|x64.Deploy.0 = Release|x64
		{EEEB7B92-2123-4F9B-A0B0-4228CCF39800}.Release|x86.ActiveCfg = Release|x86
		{EEEB7B92-2123-4F9B-A0B0-4228CCF39800}.Release|x86.Build.0 = Release|x86
		{EEEB7B92-2123-4F9B-A0B0-4228CCF39800}.Release|x86.Deploy.0 = Release|x86
	EndGlobalSection
	GlobalSection(SolutionProperties) = preSolution
		HideSolutionNode = FALSE
	EndGlobalSection
	GlobalSection(ExtensibilityGlobals) = postSolution
		SolutionGuid = {6CD7014C-681A-495A-B7F3-35CE7693211F}
	EndGlobalSection
EndGlobal
